
Microsoft Visual Studio Solution File, Format Version 12.00
# Visual Studio Version 16
VisualStudioVersion = 16.0.31911.196
MinimumVisualStudioVersion = 10.0.40219.1
Project("{8BC9CEB8-8B4A-11D0-8D11-00A0C91BC942}") = "ElectronicDictionary-AVL", "ElectronicDictionary-AVL\ElectronicDictionary-AVL.vcxproj", "{87364FF6-2292-4876-A534-ADCF3265AF94}"
EndProject
Global
	GlobalSection(SolutionConfigurationPlatforms) = preSolution
		Debug|x64 = Debug|x64
		Debug|x86 = Debug|x86
		Release|x64 = Release|x64
		Release|x86 = Release|x86
	EndGlobalSection
	GlobalSection(ProjectConfigurationPlatforms) = postSolution
		{87364FF6-2292-4876-A534-ADCF3265AF94}.Debug|x64.ActiveCfg = Debug|x64
		{87364FF6-2292-4876-A534-ADCF3265AF94}.Debug|x64.Build.0 = Debug|x64
		{87364FF6-2292-4876-A534-ADCF3265AF94}.Debug|x86.ActiveCfg = Debug|Win32
		{87364FF6-2292-4876-A534-ADCF3265AF94}.Debug|x86.Build.0 = Debug|Win32
		{87364FF6-2292-4876-A534-ADCF3265AF94}.Release|x64.ActiveCfg = Release|x64
		{87364FF6-2292-4876-A534-ADCF3265AF94}.Release|x64.Build.0 = Release|x64
		{87364FF6-2292-4876-A534-ADCF3265AF94}.Release|x86.ActiveCfg = Release|Win32
		{87364FF6-2292-4876-A534-ADCF3265AF94}.Release|x86.Build.0 = Release|Win32
	EndGlobalSection
	GlobalSection(SolutionProperties) = preSolution
		HideSolutionNode = FALSE
	EndGlobalSection
	GlobalSection(ExtensibilityGlobals) = postSolution
		SolutionGuid = {86C46B12-F54E-49A4-BFE8-BFE6556DBEB4}
	EndGlobalSection
EndGlobal
